
Microsoft Visual Studio Solution File, Format Version 12.00
# Visual Studio Version 16
VisualStudioVersion = 16.0.31515.178
MinimumVisualStudioVersion = 10.0.40219.1
Project("{9A19103F-16F7-4668-BE54-9A1E7A4F7556}") = "GTAutomation", "GTAutomation.csproj", "{BE764D07-0F0F-43EB-987B-FED234337E03}"
EndProject
Global
	GlobalSection(SolutionConfigurationPlatforms) = preSolution
		Debug|Any CPU = Debug|Any CPU
		Release|Any CPU = Release|Any CPU
	EndGlobalSection
	GlobalSection(ProjectConfigurationPlatforms) = postSolution
		{BE764D07-0F0F-43EB-987B-FED234337E03}.Debug|Any CPU.ActiveCfg = Debug|Any CPU
		{BE764D07-0F0F-43EB-987B-FED234337E03}.Debug|Any CPU.Build.0 = Debug|Any CPU
		{BE764D07-0F0F-43EB-987B-FED234337E03}.Release|Any CPU.ActiveCfg = Release|Any CPU
		{BE764D07-0F0F-43EB-987B-FED234337E03}.Release|Any CPU.Build.0 = Release|Any CPU
	EndGlobalSection
	GlobalSection(SolutionProperties) = preSolution
		HideSolutionNode = FALSE
	EndGlobalSection
	GlobalSection(ExtensibilityGlobals) = postSolution
		SolutionGuid = {B9D0CA85-9D8C-426F-BD1F-0365D8A0A1A8}
	EndGlobalSection
EndGlobal
